
Microsoft Visual Studio Solution File, Format Version 12.00
# Visual Studio Version 16
VisualStudioVersion = 16.0.29911.84
MinimumVisualStudioVersion = 10.0.40219.1
Project("{FAE04EC0-301F-11D3-BF4B-00C04F79EFBC}") = "Lab2b", "Lab2b\Lab2b.csproj", "{AADFAEAD-C908-49C2-AE1B-633435B089DC}"
EndProject
Global
	GlobalSection(SolutionConfigurationPlatforms) = preSolution
		Debug|Any CPU = Debug|Any CPU
		Release|Any CPU = Release|Any CPU
	EndGlobalSection
	GlobalSection(ProjectConfigurationPlatforms) = postSolution
		{AADFAEAD-C908-49C2-AE1B-633435B089DC}.Debug|Any CPU.ActiveCfg = Debug|Any CPU
		{AADFAEAD-C908-49C2-AE1B-633435B089DC}.Debug|Any CPU.Build.0 = Debug|Any CPU
		{AADFAEAD-C908-49C2-AE1B-633435B089DC}.Release|Any CPU.ActiveCfg = Release|Any CPU
		{AADFAEAD-C908-49C2-AE1B-633435B089DC}.Release|Any CPU.Build.0 = Release|Any CPU
	EndGlobalSection
	GlobalSection(SolutionProperties) = preSolution
		HideSolutionNode = FALSE
	EndGlobalSection
	GlobalSection(ExtensibilityGlobals) = postSolution
		SolutionGuid = {04FAF112-370A-417A-9863-9D7580C4849A}
	EndGlobalSection
EndGlobal
